[[package]]
name = "diagrams"
version = "0.21.1"
description = "Diagram as Code"
category = "main"
optional = false
python-versions = ">=3.6,<4.0"

[package.dependencies]
graphviz = ">=0.13.2,<0.20.0"
jinja2 = ">=2.10,<4.0"

[[package]]
name = "graphviz"
version = "0.19.2"
description = "Simple Python interface for Graphviz"
category = "main"
optional = false
python-versions = ">=3.7"

[package.extras]
dev = ["flake8", "pep8-naming", "tox (>=3)", "twine", "wheel"]
docs = ["sphinx (>=1.8)", "sphinx-autodoc-typehints", "sphinx-rtd-theme"]
test = ["coverage", "mock (>=4)", "pytest (>=6)", "pytest-cov", "pytest-mock (>=3)"]

[[package]]
name = "jinja2"
version = "3.1.2"
description = "A very fast and expressive template engine."
category = "main"
optional = false
python-versions = ">=3.7"

[package.dependencies]
MarkupSafe = ">=2.0"

[package.extras]
i18n = ["Babel (>=2.7)"]

[[package]]
name = "markupsafe"
version = "2.1.1"
description = "Safely add untrusted strings to HTML/XML markup."
category = "main"
optional = false
python-versions = ">=3.7"

[metadata]
lock-version = "1.1"
python-versions = "^3.10"
content-hash = "2729d9dea9a42e20efe89784d557681bc238c38a84aaf7f9cd72cb4edb7a0dc2"

[metadata.files]
diagrams = [
    {file = "diagrams-0.21.1-py3-none-any.whl", hash = "sha256:1d0fea187ed76136dadccf943da914dd9974ebdd3cbb993f4283ec8f51cf90f2"},
    {file = "diagrams-0.21.1.tar.gz", hash = "sha256:732caa4e61113a06b9a80965be6171c4c5858f3570b5b1f5ba52304a6eeade60"},
]
graphviz = [
    {file = "graphviz-0.19.2-py3-none-any.whl", hash = "sha256:c0a6ac9fadaa308c4ab0d526749c6e127425ec5a76644bbb03e2e04b19a9da9f"},
    {file = "graphviz-0.19.2.zip", hash = "sha256:7c90cebc147c18bcdffcd3c76db58cbface5d45fe0247a2f3bfb144d32a8c77c"},
]
jinja2 = [
    {file = "Jinja2-3.1.2-py3-none-any.whl", hash = "sha256:6088930bfe239f0e6710546ab9c19c9ef35e29792895fed6e6e31a023a182a61"},
    {file = "Jinja2-3.1.2.tar.gz", hash = "sha256:31351a702a408a9e7595a8fc6150fc3f43bb6bf7e319770cbc0db9df9437e852"},
]
markupsafe = []
